
Microsoft Visual Studio Solution File, Format Version 12.00
# Visual Studio Version 16
VisualStudioVersion = 16.0.31729.503
MinimumVisualStudioVersion = 10.0.40219.1
Project("{FAE04EC0-301F-11D3-BF4B-00C04F79EFBC}") = "TwitchForum", "TwitchForum\TwitchForum.csproj", "{4FEAE7B6-FCE8-4D52-B70A-500DB144263E}"
EndProject
Project("{FAE04EC0-301F-11D3-BF4B-00C04F79EFBC}") = "TwitchForum.Tests", "TwitchForum.Tests\TwitchForum.Tests.csproj", "{B6DC1A00-677C-44CC-8971-2E026758AD8C}"
EndProject
Project("{FAE04EC0-301F-11D3-BF4B-00C04F79EFBC}") = "TwitchForum.DAL", "TwitchForum.DAL\TwitchForum.DAL.csproj", "{AA4EF081-8033-4E61-BF88-BDEC25D46728}"
EndProject
Project("{FAE04EC0-301F-11D3-BF4B-00C04F79EFBC}") = "TwitchForum.BLL", "TwitchForum.BLL\TwitchForum.BLL.csproj", "{68E4C966-54F2-44CC-B6AE-91F8230D0E93}"
EndProject
Global
	GlobalSection(SolutionConfigurationPlatforms) = preSolution
		Debug|Any CPU = Debug|Any CPU
		Release|Any CPU = Release|Any CPU
	EndGlobalSection
	GlobalSection(ProjectConfigurationPlatforms) = postSolution
		{4FEAE7B6-FCE8-4D52-B70A-500DB144263E}.Debug|Any CPU.ActiveCfg = Debug|Any CPU
		{4FEAE7B6-FCE8-4D52-B70A-500DB144263E}.Debug|Any CPU.Build.0 = Debug|Any CPU
		{4FEAE7B6-FCE8-4D52-B70A-500DB144263E}.Release|Any CPU.ActiveCfg = Release|Any CPU
		{4FEAE7B6-FCE8-4D52-B70A-500DB144263E}.Release|Any CPU.Build.0 = Release|Any CPU
		{B6DC1A00-677C-44CC-8971-2E026758AD8C}.Debug|Any CPU.ActiveCfg = Debug|Any CPU
		{B6DC1A00-677C-44CC-8971-2E026758AD8C}.Debug|Any CPU.Build.0 = Debug|Any CPU
		{B6DC1A00-677C-44CC-8971-2E026758AD8C}.Release|Any CPU.ActiveCfg = Release|Any CPU
		{B6DC1A00-677C-44CC-8971-2E026758AD8C}.Release|Any CPU.Build.0 = Release|Any CPU
		{AA4EF081-8033-4E61-BF88-BDEC25D46728}.Debug|Any CPU.ActiveCfg = Debug|Any CPU
		{AA4EF081-8033-4E61-BF88-BDEC25D46728}.Debug|Any CPU.Build.0 = Debug|Any CPU
		{AA4EF081-8033-4E61-BF88-BDEC25D46728}.Release|Any CPU.ActiveCfg = Release|Any CPU
		{AA4EF081-8033-4E61-BF88-BDEC25D46728}.Release|Any CPU.Build.0 = Release|Any CPU
		{68E4C966-54F2-44CC-B6AE-91F8230D0E93}.Debug|Any CPU.ActiveCfg = Debug|Any CPU
		{68E4C966-54F2-44CC-B6AE-91F8230D0E93}.Debug|Any CPU.Build.0 = Debug|Any CPU
		{68E4C966-54F2-44CC-B6AE-91F8230D0E93}.Release|Any CPU.ActiveCfg = Release|Any CPU
		{68E4C966-54F2-44CC-B6AE-91F8230D0E93}.Release|Any CPU.Build.0 = Release|Any CPU
	EndGlobalSection
	GlobalSection(SolutionProperties) = preSolution
		HideSolutionNode = FALSE
	EndGlobalSection
	GlobalSection(ExtensibilityGlobals) = postSolution
		SolutionGuid = {635B9455-5CD6-4C44-BE76-6EA27507970D}
	EndGlobalSection
EndGlobal
